
Microsoft Visual Studio Solution File, Format Version 12.00
# Visual Studio Version 16
VisualStudioVersion = 16.0.29728.190
MinimumVisualStudioVersion = 10.0.40219.1
Project("{FAE04EC0-301F-11D3-BF4B-00C04F79EFBC}") = "SerilogRaygunSetup", "SerilogRaygunSetup\SerilogRaygunSetup.csproj", "{76CFCCC7-72F8-4E6C-914F-CF810B613964}"
EndProject
Global
	GlobalSection(SolutionConfigurationPlatforms) = preSolution
		Debug|Any CPU = Debug|Any CPU
		Release|Any CPU = Release|Any CPU
	EndGlobalSection
	GlobalSection(ProjectConfigurationPlatforms) = postSolution
		{76CFCCC7-72F8-4E6C-914F-CF810B613964}.Debug|Any CPU.ActiveCfg = Debug|Any CPU
		{76CFCCC7-72F8-4E6C-914F-CF810B613964}.Debug|Any CPU.Build.0 = Debug|Any CPU
		{76CFCCC7-72F8-4E6C-914F-CF810B613964}.Release|Any CPU.ActiveCfg = Release|Any CPU
		{76CFCCC7-72F8-4E6C-914F-CF810B613964}.Release|Any CPU.Build.0 = Release|Any CPU
	EndGlobalSection
	GlobalSection(SolutionProperties) = preSolution
		HideSolutionNode = FALSE
	EndGlobalSection
	GlobalSection(ExtensibilityGlobals) = postSolution
		SolutionGuid = {6EBB1A8F-F0BE-438A-8ACF-8FBB890EC9BC}
	EndGlobalSection
EndGlobal
